
Microsoft Visual Studio Solution File, Format Version 12.00
# Visual Studio Version 16
VisualStudioVersion = 16.0.28621.142
MinimumVisualStudioVersion = 10.0.40219.1
Project("{2150E333-8FDC-42A3-9474-1A3956D46DE8}") = "Solution Items", "Solution Items", "{2A505AB4-1E47-49A9-9486-F3625241AB5F}"
	ProjectSection(SolutionItems) = preProject
		LICENSE.md = LICENSE.md
		logo.svg = logo.svg
		README.md = README.md
	EndProjectSection
EndProject
Global
	GlobalSection(SolutionProperties) = preSolution
		HideSolutionNode = FALSE
	EndGlobalSection
	GlobalSection(ExtensibilityGlobals) = postSolution
		SolutionGuid = {F5F4ADEE-FFC1-4FB2-916D-5AE7086264FF}
	EndGlobalSection
EndGlobal
