
Microsoft Visual Studio Solution File, Format Version 12.00
# Visual Studio Version 16
VisualStudioVersion = 16.0.28621.142
MinimumVisualStudioVersion = 10.0.40219.1
Project("{9A19103F-16F7-4668-BE54-9A1E7A4F7556}") = "TrashPaNDA", "src\PaNDA\TrashPaNDA.csproj", "{0A6DBA0A-107B-438E-BD63-D3FB555474BC}"
EndProject
Project("{2150E333-8FDC-42A3-9474-1A3956D46DE8}") = "Solution Items", "Solution Items", "{2A505AB4-1E47-49A9-9486-F3625241AB5F}"
	ProjectSection(SolutionItems) = preProject
		LICENSE.md = LICENSE.md
		logo.svg = logo.svg
		README.md = README.md
	EndProjectSection
EndProject
Global
	GlobalSection(SolutionConfigurationPlatforms) = preSolution
		Debug|Any CPU = Debug|Any CPU
		Release|Any CPU = Release|Any CPU
	EndGlobalSection
	GlobalSection(ProjectConfigurationPlatforms) = postSolution
		{0A6DBA0A-107B-438E-BD63-D3FB555474BC}.Debug|Any CPU.ActiveCfg = Debug|Any CPU
		{0A6DBA0A-107B-438E-BD63-D3FB555474BC}.Debug|Any CPU.Build.0 = Debug|Any CPU
		{0A6DBA0A-107B-438E-BD63-D3FB555474BC}.Release|Any CPU.ActiveCfg = Release|Any CPU
		{0A6DBA0A-107B-438E-BD63-D3FB555474BC}.Release|Any CPU.Build.0 = Release|Any CPU
	EndGlobalSection
	GlobalSection(SolutionProperties) = preSolution
		HideSolutionNode = FALSE
	EndGlobalSection
	GlobalSection(ExtensibilityGlobals) = postSolution
		SolutionGuid = {F5F4ADEE-FFC1-4FB2-916D-5AE7086264FF}
	EndGlobalSection
EndGlobal
